{
  "nodes": {
    "mediatek-mt7927-dkms": {
      "flake": false,
      "locked": {
        "lastModified": 1789666901,
        "narHash": "sha256-apygKvayW+3TljjRTrGxriDcMju7njCdQHH3pRgHESo=",
        "owner": "jetm",
        "repo": "mediatek-mt7927-dkms",
        "rev": "c1c3d78dc3922a6e7c794300ae5f45ced687c05b",
        "type": "github"
      },
      "original": {
        "owner": "jetm",
        "repo": "mediatek-mt7927-dkms",
        "type": "github"
      }
    },
    "nixpkgs": {
      "locked": {
        "lastModified": 1790185690,
        "narHash": "sha256-xJ+X4hBtOcAFGBOe5nAMyMUeF9foJBmIOu3NjBqBycU=",
        "owner": "NixOS",
        "repo": "nixpkgs",
        "rev": "4975466d324710c576dc11ad614684e6bd8cad8e",
        "type": "github"
      },
      "original": {
        "owner": "NixOS",
        "ref": "nixos-unstable",
        "repo": "nixpkgs",
        "type": "github"
      }
    },
    "root": {
      "inputs": {
        "mediatek-mt7927-dkms": "mediatek-mt7927-dkms",
        "nixpkgs": "nixpkgs"
      }
    }
  },
  "root": "root",
  "version": 7
}
