{
  "nodes": {
    "mediatek-mt7927-dkms": {
      "flake": false,
      "locked": {
        "lastModified": 1789665870,
        "narHash": "sha256-hio0INRTgNPkNOW64q2p6jzRAthqihH/hZssn9OgL8A=",
        "owner": "jetm",
        "repo": "mediatek-mt7927-dkms",
        "rev": "d4c7b6d4ed0c51aa93953c7e092d6d9e2a097e2a",
        "type": "github"
      },
      "original": {
        "owner": "jetm",
        "repo": "mediatek-mt7927-dkms",
        "type": "github"
      }
    },
    "nixpkgs": {
      "locked": {
        "lastModified": 1789546076,
        "narHash": "sha256-zVxLZiSnmaaPLwnhj7pwmqe3axBg/C6nG5JZsJMh2g4=",
        "owner": "NixOS",
        "repo": "nixpkgs",
        "rev": "b1b875982b17dabde9b4a37f3e229e74913e6db3",
        "type": "github"
      },
      "original": {
        "owner": "NixOS",
        "ref": "nixos-unstable",
        "repo": "nixpkgs",
        "type": "github"
      }
    },
    "root": {
      "inputs": {
        "mediatek-mt7927-dkms": "mediatek-mt7927-dkms",
        "nixpkgs": "nixpkgs"
      }
    }
  },
  "root": "root",
  "version": 7
}
